// !$*UTF8*$!
{
	archiveVersion = 1;
	classes = {
	};
	objectVersion = 46;
	objects = {

/* Begin PBXBuildFile section */
		6356B07E22FCB97800271A65 /* AppDelegate.swift in Sources */ = {isa = PBXBuildFile; fileRef = 6356B07D22FCB97800271A65 /* AppDelegate.swift */; };
		6356B08022FCB97800271A65 /* ViewController.swift in Sources */ = {isa = PBXBuildFile; fileRef = 6356B07F22FCB97800271A65 /* ViewController.swift */; };
		6356B08322FCB97800271A65 /* Main.storyboard in Resources */ = {isa = PBXBuildFile; fileRef = 6356B08122FCB97800271A65 /* Main.storyboard */; };
		6356B08522FCB97800271A65 /* Assets.xcassets in Resources */ = {isa = PBXBuildFile; fileRef = 6356B08422FCB97800271A65 /* Assets.xcassets */; };
		6356B08822FCB97800271A65 /* LaunchScreen.storyboard in Resources */ = {isa = PBXBuildFile; fileRef = 6356B08622FCB97800271A65 /* LaunchScreen.storyboard */; };
		6356B09322FCB97800271A65 /* retoMemoriaTests.swift in Sources */ = {isa = PBXBuildFile; fileRef = 6356B09222FCB97800271A65 /* retoMemoriaTests.swift */; };
		6356B09E22FCB97800271A65 /* retoMemoriaUITests.swift in Sources */ = {isa = PBXBuildFile; fileRef = 6356B09D22FCB97800271A65 /* retoMemoriaUITests.swift */; };
/* End PBXBuildFile section */

/* Begin PBXContainerItemProxy section */
		6356B08F22FCB97800271A65 /* PBXContainerItemProxy */ = {
			isa = PBXContainerItemProxy;
			containerPortal = 6356B07222FCB97700271A65 /* Project object */;
			proxyType = 1;
			remoteGlobalIDString = 6356B07922FCB97700271A65;
			remoteInfo = retoMemoria;
		};
		6356B09A22FCB97800271A65 /* PBXContainerItemProxy */ = {
			isa = PBXContainerItemProxy;
			containerPortal = 6356B07222FCB97700271A65 /* Project object */;
			proxyType = 1;
			remoteGlobalIDString = 6356B07922FCB97700271A65;
			remoteInfo = retoMemoria;
		};
/* End PBXContainerItemProxy section */

/* Begin PBXFileReference section */
		6356B07A22FCB97800271A65 /* retoMemoria.app */ = {isa = PBXFileReference; explicitFileType = wrapper.application; includeInIndex = 0; path = retoMemoria.app; sourceTree = BUILT_PRODUCTS_DIR; };
		6356B07D22FCB97800271A65 /* AppDelegate.swift */ = {isa = PBXFileReference; lastKnownFileType = sourcecode.swift; path = AppDelegate.swift; sourceTree = "<group>"; };
		6356B07F22FCB97800271A65 /* ViewController.swift */ = {isa = PBXFileReference; lastKnownFileType = sourcecode.swift; path = ViewController.swift; sourceTree = "<group>"; };
		6356B08222FCB97800271A65 /* Base */ = {isa = PBXFileReference; lastKnownFileType = file.storyboard; name = Base; path = Base.lproj/Main.storyboard; sourceTree = "<group>"; };
		6356B08422FCB97800271A65 /* Assets.xcassets */ = {isa = PBXFileReference; lastKnownFileType = folder.assetcatalog; path = Assets.xcassets; sourceTree = "<group>"; };
		6356B08722FCB97800271A65 /* Base */ = {isa = PBXFileReference; lastKnownFileType = file.storyboard; name = Base; path = Base.lproj/LaunchScreen.storyboard; sourceTree = "<group>"; };
		6356B08922FCB97800271A65 /* Info.plist */ = {isa = PBXFileReference; lastKnownFileType = text.plist.xml; path = Info.plist; sourceTree = "<group>"; };
		6356B08E22FCB97800271A65 /* retoMemoriaTests.xctest */ = {isa = PBXFileReference; explicitFileType = wrapper.cfbundle; includeInIndex = 0; path = retoMemoriaTests.xctest; sourceTree = BUILT_PRODUCTS_DIR; };
		6356B09222FCB97800271A65 /* retoMemoriaTests.swift */ = {isa = PBXFileReference; lastKnownFileType = sourcecode.swift; path = retoMemoriaTests.swift; sourceTree = "<group>"; };
		6356B09422FCB97800271A65 /* Info.plist */ = {isa = PBXFileReference; lastKnownFileType = text.plist.xml; path = Info.plist; sourceTree = "<group>"; };
		6356B09922FCB97800271A65 /* retoMemoriaUITests.xctest */ = {isa = PBXFileReference; explicitFileType = wrapper.cfbundle; includeInIndex = 0; path = retoMemoriaUITests.xctest; sourceTree = BUILT_PRODUCTS_DIR; };
		6356B09D22FCB97800271A65 /* retoMemoriaUITests.swift */ = {isa = PBXFileReference; lastKnownFileType = sourcecode.swift; path = retoMemoriaUITests.swift; sourceTree = "<group>"; };
		6356B09F22FCB97800271A65 /* Info.plist */ = {isa = PBXFileReference; lastKnownFileType = text.plist.xml; path = Info.plist; sourceTree = "<group>"; };
/* End PBXFileReference section */

/* Begin PBXFrameworksBuildPhase section */
		6356B07722FCB97700271A65 /* Frameworks */ = {
			isa = PBXFrameworksBuildPhase;
			buildActionMask = 2147483647;
			files = (
			);
			runOnlyForDeploymentPostprocessing = 0;
		};
		6356B08B22FCB97800271A65 /* Frameworks */ = {
			isa = PBXFrameworksBuildPhase;
			buildActionMask = 2147483647;
			files = (
			);
			runOnlyForDeploymentPostprocessing = 0;
		};
		6356B09622FCB97800271A65 /* Frameworks */ = {
			isa = PBXFrameworksBuildPhase;
			buildActionMask = 2147483647;
			files = (
			);
			runOnlyForDeploymentPostprocessing = 0;
		};
/* End PBXFrameworksBuildPhase section */

/* Begin PBXGroup section */
		6356B07122FCB97700271A65 = {
			isa = PBXGroup;
			children = (
				6356B07C22FCB97800271A65 /* retoMemoria */,
				6356B09122FCB97800271A65 /* retoMemoriaTests */,
				6356B09C22FCB97800271A65 /* retoMemoriaUITests */,
				6356B07B22FCB97800271A65 /* Products */,
			);
			sourceTree = "<group>";
		};
		6356B07B22FCB97800271A65 /* Products */ = {
			isa = PBXGroup;
			children = (
				6356B07A22FCB97800271A65 /* retoMemoria.app */,
				6356B08E22FCB97800271A65 /* retoMemoriaTests.xctest */,
				6356B09922FCB97800271A65 /* retoMemoriaUITests.xctest */,
			);
			name = Products;
			sourceTree = "<group>";
		};
		6356B07C22FCB97800271A65 /* retoMemoria */ = {
			isa = PBXGroup;
			children = (
				6356B07D22FCB97800271A65 /* AppDelegate.swift */,
				6356B07F22FCB97800271A65 /* ViewController.swift */,
				6356B08122FCB97800271A65 /* Main.storyboard */,
				6356B08422FCB97800271A65 /* Assets.xcassets */,
				6356B08622FCB97800271A65 /* LaunchScreen.storyboard */,
				6356B08922FCB97800271A65 /* Info.plist */,
			);
			path = retoMemoria;
			sourceTree = "<group>";
		};
		6356B09122FCB97800271A65 /* retoMemoriaTests */ = {
			isa = PBXGroup;
			children = (
				6356B09222FCB97800271A65 /* retoMemoriaTests.swift */,
				6356B09422FCB97800271A65 /* Info.plist */,
			);
			path = retoMemoriaTests;
			sourceTree = "<group>";
		};
		6356B09C22FCB97800271A65 /* retoMemoriaUITests */ = {
			isa = PBXGroup;
			children = (
				6356B09D22FCB97800271A65 /* retoMemoriaUITests.swift */,
				6356B09F22FCB97800271A65 /* Info.plist */,
			);
			path = retoMemoriaUITests;
			sourceTree = "<group>";
		};
/* End PBXGroup section */

/* Begin PBXNativeTarget section */
		6356B07922FCB97700271A65 /* retoMemoria */ = {
			isa = PBXNativeTarget;
			buildConfigurationList = 6356B0A222FCB97800271A65 /* Build configuration list for PBXNativeTarget "retoMemoria" */;
			buildPhases = (
				6356B07622FCB97700271A65 /* Sources */,
				6356B07722FCB97700271A65 /* Frameworks */,
				6356B07822FCB97700271A65 /* Resources */,
			);
			buildRules = (
			);
			dependencies = (
			);
			name = retoMemoria;
			productName = retoMemoria;
			productReference = 6356B07A22FCB97800271A65 /* retoMemoria.app */;
			productType = "com.apple.product-type.application";
		};
		6356B08D22FCB97800271A65 /* retoMemoriaTests */ = {
			isa = PBXNativeTarget;
			buildConfigurationList = 6356B0A522FCB97800271A65 /* Build configuration list for PBXNativeTarget "retoMemoriaTests" */;
			buildPhases = (
				6356B08A22FCB97800271A65 /* Sources */,
				6356B08B22FCB97800271A65 /* Frameworks */,
				6356B08C22FCB97800271A65 /* Resources */,
			);
			buildRules = (
			);
			dependencies = (
				6356B09022FCB97800271A65 /* PBXTargetDependency */,
			);
			name = retoMemoriaTests;
			productName = retoMemoriaTests;
			productReference = 6356B08E22FCB97800271A65 /* retoMemoriaTests.xctest */;
			productType = "com.apple.product-type.bundle.unit-test";
		};
		6356B09822FCB97800271A65 /* retoMemoriaUITests */ = {
			isa = PBXNativeTarget;
			buildConfigurationList = 6356B0A822FCB97800271A65 /* Build configuration list for PBXNativeTarget "retoMemoriaUITests" */;
			buildPhases = (
				6356B09522FCB97800271A65 /* Sources */,
				6356B09622FCB97800271A65 /* Frameworks */,
				6356B09722FCB97800271A65 /* Resources */,
			);
			buildRules = (
			);
			dependencies = (
				6356B09B22FCB97800271A65 /* PBXTargetDependency */,
			);
			name = retoMemoriaUITests;
			productName = retoMemoriaUITests;
			productReference = 6356B09922FCB97800271A65 /* retoMemoriaUITests.xctest */;
			productType = "com.apple.product-type.bundle.ui-testing";
		};
/* End PBXNativeTarget section */

/* Begin PBXProject section */
		6356B07222FCB97700271A65 /* Project object */ = {
			isa = PBXProject;
			attributes = {
				LastSwiftUpdateCheck = 0820;
				LastUpgradeCheck = 0820;
				ORGANIZATIONNAME = "Juan Centeno";
				TargetAttributes = {
					6356B07922FCB97700271A65 = {
						CreatedOnToolsVersion = 8.2.1;
						DevelopmentTeam = 9QRDJNJSR4;
						ProvisioningStyle = Automatic;
					};
					6356B08D22FCB97800271A65 = {
						CreatedOnToolsVersion = 8.2.1;
						DevelopmentTeam = 9QRDJNJSR4;
						ProvisioningStyle = Automatic;
						TestTargetID = 6356B07922FCB97700271A65;
					};
					6356B09822FCB97800271A65 = {
						CreatedOnToolsVersion = 8.2.1;
						DevelopmentTeam = 9QRDJNJSR4;
						ProvisioningStyle = Automatic;
						TestTargetID = 6356B07922FCB97700271A65;
					};
				};
			};
			buildConfigurationList = 6356B07522FCB97700271A65 /* Build configuration list for PBXProject "retoMemoria" */;
			compatibilityVersion = "Xcode 3.2";
			developmentRegion = English;
			hasScannedForEncodings = 0;
			knownRegions = (
				en,
				Base,
			);
			mainGroup = 6356B07122FCB97700271A65;
			productRefGroup = 6356B07B22FCB97800271A65 /* Products */;
			projectDirPath = "";
			projectRoot = "";
			targets = (
				6356B07922FCB97700271A65 /* retoMemoria */,
				6356B08D22FCB97800271A65 /* retoMemoriaTests */,
				6356B09822FCB97800271A65 /* retoMemoriaUITests */,
			);
		};
/* End PBXProject section */

/* Begin PBXResourcesBuildPhase section */
		6356B07822FCB97700271A65 /* Resources */ = {
			isa = PBXResourcesBuildPhase;
			buildActionMask = 2147483647;
			files = (
				6356B08822FCB97800271A65 /* LaunchScreen.storyboard in Resources */,
				6356B08522FCB97800271A65 /* Assets.xcassets in Resources */,
				6356B08322FCB97800271A65 /* Main.storyboard in Resources */,
			);
			runOnlyForDeploymentPostprocessing = 0;
		};
		6356B08C22FCB97800271A65 /* Resources */ = {
			isa = PBXResourcesBuildPhase;
			buildActionMask = 2147483647;
			files = (
			);
			runOnlyForDeploymentPostprocessing = 0;
		};
		6356B09722FCB97800271A65 /* Resources */ = {
			isa = PBXResourcesBuildPhase;
			buildActionMask = 2147483647;
			files = (
			);
			runOnlyForDeploymentPostprocessing = 0;
		};
/* End PBXResourcesBuildPhase section */

/* Begin PBXSourcesBuildPhase section */
		6356B07622FCB97700271A65 /* Sources */ = {
			isa = PBXSourcesBuildPhase;
			buildActionMask = 2147483647;
			files = (
				6356B08022FCB97800271A65 /* ViewController.swift in Sources */,
				6356B07E22FCB97800271A65 /* AppDelegate.swift in Sources */,
			);
			runOnlyForDeploymentPostprocessing = 0;
		};
		6356B08A22FCB97800271A65 /* Sources */ = {
			isa = PBXSourcesBuildPhase;
			buildActionMask = 2147483647;
			files = (
				6356B09322FCB97800271A65 /* retoMemoriaTests.swift in Sources */,
			);
			runOnlyForDeploymentPostprocessing = 0;
		};
		6356B09522FCB97800271A65 /* Sources */ = {
			isa = PBXSourcesBuildPhase;
			buildActionMask = 2147483647;
			files = (
				6356B09E22FCB97800271A65 /* retoMemoriaUITests.swift in Sources */,
			);
			runOnlyForDeploymentPostprocessing = 0;
		};
/* End PBXSourcesBuildPhase section */

/* Begin PBXTargetDependency section */
		6356B09022FCB97800271A65 /* PBXTargetDependency */ = {
			isa = PBXTargetDependency;
			target = 6356B07922FCB97700271A65 /* retoMemoria */;
			targetProxy = 6356B08F22FCB97800271A65 /* PBXContainerItemProxy */;
		};
		6356B09B22FCB97800271A65 /* PBXTargetDependency */ = {
			isa = PBXTargetDependency;
			target = 6356B07922FCB97700271A65 /* retoMemoria */;
			targetProxy = 6356B09A22FCB97800271A65 /* PBXContainerItemProxy */;
		};
/* End PBXTargetDependency section */

/* Begin PBXVariantGroup section */
		6356B08122FCB97800271A65 /* Main.storyboard */ = {
			isa = PBXVariantGroup;
			children = (
				6356B08222FCB97800271A65 /* Base */,
			);
			name = Main.storyboard;
			sourceTree = "<group>";
		};
		6356B08622FCB97800271A65 /* LaunchScreen.storyboard */ = {
			isa = PBXVariantGroup;
			children = (
				6356B08722FCB97800271A65 /* Base */,
			);
			name = LaunchScreen.storyboard;
			sourceTree = "<group>";
		};
/* End PBXVariantGroup section */

/* Begin XCBuildConfiguration section */
		6356B0A022FCB97800271A65 /* Debug */ = {
			isa = XCBuildConfiguration;
			buildSettings = {
				ALWAYS_SEARCH_USER_PATHS = NO;
				CLANG_ANALYZER_NONNULL = YES;
				CLANG_CXX_LANGUAGE_STANDARD = "gnu++0x";
				CLANG_CXX_LIBRARY = "libc++";
				CLANG_ENABLE_MODULES = YES;
				CLANG_ENABLE_OBJC_ARC = YES;
				CLANG_WARN_BOOL_CONVERSION = YES;
				CLANG_WARN_CONSTANT_CONVERSION = YES;
				CLANG_WARN_DIRECT_OBJC_ISA_USAGE = YES_ERROR;
				CLANG_WARN_DOCUMENTATION_COMMENTS = YES;
				CLANG_WARN_EMPTY_BODY = YES;
				CLANG_WARN_ENUM_CONVERSION = YES;
				CLANG_WARN_INFINITE_RECURSION = YES;
				CLANG_WARN_INT_CONVERSION = YES;
				CLANG_WARN_OBJC_ROOT_CLASS = YES_ERROR;
				CLANG_WARN_SUSPICIOUS_MOVE = YES;
				CLANG_WARN_UNREACHABLE_CODE = YES;
				CLANG_WARN__DUPLICATE_METHOD_MATCH = YES;
				"CODE_SIGN_IDENTITY[sdk=iphoneos*]" = "iPhone Developer";
				COPY_PHASE_STRIP = NO;
				DEBUG_INFORMATION_FORMAT = dwarf;
				ENABLE_STRICT_OBJC_MSGSEND = YES;
				ENABLE_TESTABILITY = YES;
				GCC_C_LANGUAGE_STANDARD = gnu99;
				GCC_DYNAMIC_NO_PIC = NO;
				GCC_NO_COMMON_BLOCKS = YES;
				GCC_OPTIMIZATION_LEVEL = 0;
				GCC_PREPROCESSOR_DEFINITIONS = (
					"DEBUG=1",
					"$(inherited)",
				);
				GCC_WARN_64_TO_32_BIT_CONVERSION = YES;
				GCC_WARN_ABOUT_RETURN_TYPE = YES_ERROR;
				GCC_WARN_UNDECLARED_SELECTOR = YES;
				GCC_WARN_UNINITIALIZED_AUTOS = YES_AGGRESSIVE;
				GCC_WARN_UNUSED_FUNCTION = YES;
				GCC_WARN_UNUSED_VARIABLE = YES;
				IPHONEOS_DEPLOYMENT_TARGET = 10.2;
				MTL_ENABLE_DEBUG_INFO = YES;
				ONLY_ACTIVE_ARCH = YES;
				SDKROOT = iphoneos;
				SWIFT_ACTIVE_COMPILATION_CONDITIONS = DEBUG;
				SWIFT_OPTIMIZATION_LEVEL = "-Onone";
			};
			name = Debug;
		};
		6356B0A122FCB97800271A65 /* Release */ = {
			isa = XCBuildConfiguration;
			buildSettings = {
				ALWAYS_SEARCH_USER_PATHS = NO;
				CLANG_ANALYZER_NONNULL = YES;
				CLANG_CXX_LANGUAGE_STANDARD = "gnu++0x";
				CLANG_CXX_LIBRARY = "libc++";
				CLANG_ENABLE_MODULES = YES;
				CLANG_ENABLE_OBJC_ARC = YES;
				CLANG_WARN_BOOL_CONVERSION = YES;
				CLANG_WARN_CONSTANT_CONVERSION = YES;
				CLANG_WARN_DIRECT_OBJC_ISA_USAGE = YES_ERROR;
				CLANG_WARN_DOCUMENTATION_COMMENTS = YES;
				CLANG_WARN_EMPTY_BODY = YES;
				CLANG_WARN_ENUM_CONVERSION = YES;
				CLANG_WARN_INFINITE_RECURSION = YES;
				CLANG_WARN_INT_CONVERSION = YES;
				CLANG_WARN_OBJC_ROOT_CLASS = YES_ERROR;
				CLANG_WARN_SUSPICIOUS_MOVE = YES;
				CLANG_WARN_UNREACHABLE_CODE = YES;
				CLANG_WARN__DUPLICATE_METHOD_MATCH = YES;
				"CODE_SIGN_IDENTITY[sdk=iphoneos*]" = "iPhone Developer";
				COPY_PHASE_STRIP = NO;
				DEBUG_INFORMATION_FORMAT = "dwarf-with-dsym";
				ENABLE_NS_ASSERTIONS = NO;
				ENABLE_STRICT_OBJC_MSGSEND = YES;
				GCC_C_LANGUAGE_STANDARD = gnu99;
				GCC_NO_COMMON_BLOCKS = YES;
				GCC_WARN_64_TO_32_BIT_CONVERSION = YES;
				GCC_WARN_ABOUT_RETURN_TYPE = YES_ERROR;
				GCC_WARN_UNDECLARED_SELECTOR = YES;
				GCC_WARN_UNINITIALIZED_AUTOS = YES_AGGRESSIVE;
				GCC_WARN_UNUSED_FUNCTION = YES;
				GCC_WARN_UNUSED_VARIABLE = YES;
				IPHONEOS_DEPLOYMENT_TARGET = 10.2;
				MTL_ENABLE_DEBUG_INFO = NO;
				SDKROOT = iphoneos;
				SWIFT_OPTIMIZATION_LEVEL = "-Owholemodule";
				VALIDATE_PRODUCT = YES;
			};
			name = Release;
		};
		6356B0A322FCB97800271A65 /* Debug */ = {
			isa = XCBuildConfiguration;
			buildSettings = {
				ASSETCATALOG_COMPILER_APPICON_NAME = AppIcon;
				DEVELOPMENT_TEAM = 9QRDJNJSR4;
				INFOPLIST_FILE = retoMemoria/Info.plist;
				LD_RUNPATH_SEARCH_PATHS = "$(inherited) @executable_path/Frameworks";
				PRODUCT_BUNDLE_IDENTIFIER = com.mibasico.retoMemoria;
				PRODUCT_NAME = "$(TARGET_NAME)";
				SWIFT_VERSION = 3.0;
			};
			name = Debug;
		};
		6356B0A422FCB97800271A65 /* Release */ = {
			isa = XCBuildConfiguration;
			buildSettings = {
				ASSETCATALOG_COMPILER_APPICON_NAME = AppIcon;
				DEVELOPMENT_TEAM = 9QRDJNJSR4;
				INFOPLIST_FILE = retoMemoria/Info.plist;
				LD_RUNPATH_SEARCH_PATHS = "$(inherited) @executable_path/Frameworks";
				PRODUCT_BUNDLE_IDENTIFIER = com.mibasico.retoMemoria;
				PRODUCT_NAME = "$(TARGET_NAME)";
				SWIFT_VERSION = 3.0;
			};
			name = Release;
		};
		6356B0A622FCB97800271A65 /* Debug */ = {
			isa = XCBuildConfiguration;
			buildSettings = {
				ALWAYS_EMBED_SWIFT_STANDARD_LIBRARIES = YES;
				BUNDLE_LOADER = "$(TEST_HOST)";
				DEVELOPMENT_TEAM = 9QRDJNJSR4;
				INFOPLIST_FILE = retoMemoriaTests/Info.plist;
				LD_RUNPATH_SEARCH_PATHS = "$(inherited) @executable_path/Frameworks @loader_path/Frameworks";
				PRODUCT_BUNDLE_IDENTIFIER = com.mibasico.retoMemoriaTests;
				PRODUCT_NAME = "$(TARGET_NAME)";
				SWIFT_VERSION = 3.0;
				TEST_HOST = "$(BUILT_PRODUCTS_DIR)/retoMemoria.app/retoMemoria";
			};
			name = Debug;
		};
		6356B0A722FCB97800271A65 /* Release */ = {
			isa = XCBuildConfiguration;
			buildSettings = {
				ALWAYS_EMBED_SWIFT_STANDARD_LIBRARIES = YES;
				BUNDLE_LOADER = "$(TEST_HOST)";
				DEVELOPMENT_TEAM = 9QRDJNJSR4;
				INFOPLIST_FILE = retoMemoriaTests/Info.plist;
				LD_RUNPATH_SEARCH_PATHS = "$(inherited) @executable_path/Frameworks @loader_path/Frameworks";
				PRODUCT_BUNDLE_IDENTIFIER = com.mibasico.retoMemoriaTests;
				PRODUCT_NAME = "$(TARGET_NAME)";
				SWIFT_VERSION = 3.0;
				TEST_HOST = "$(BUILT_PRODUCTS_DIR)/retoMemoria.app/retoMemoria";
			};
			name = Release;
		};
		6356B0A922FCB97800271A65 /* Debug */ = {
			isa = XCBuildConfiguration;
			buildSettings = {
				ALWAYS_EMBED_SWIFT_STANDARD_LIBRARIES = YES;
				DEVELOPMENT_TEAM = 9QRDJNJSR4;
				INFOPLIST_FILE = retoMemoriaUITests/Info.plist;
				LD_RUNPATH_SEARCH_PATHS = "$(inherited) @executable_path/Frameworks @loader_path/Frameworks";
				PRODUCT_BUNDLE_IDENTIFIER = com.mibasico.retoMemoriaUITests;
				PRODUCT_NAME = "$(TARGET_NAME)";
				SWIFT_VERSION = 3.0;
				TEST_TARGET_NAME = retoMemoria;
			};
			name = Debug;
		};
		6356B0AA22FCB97800271A65 /* Release */ = {
			isa = XCBuildConfiguration;
			buildSettings = {
				ALWAYS_EMBED_SWIFT_STANDARD_LIBRARIES = YES;
				DEVELOPMENT_TEAM = 9QRDJNJSR4;
				INFOPLIST_FILE = retoMemoriaUITests/Info.plist;
				LD_RUNPATH_SEARCH_PATHS = "$(inherited) @executable_path/Frameworks @loader_path/Frameworks";
				PRODUCT_BUNDLE_IDENTIFIER = com.mibasico.retoMemoriaUITests;
				PRODUCT_NAME = "$(TARGET_NAME)";
				SWIFT_VERSION = 3.0;
				TEST_TARGET_NAME = retoMemoria;
			};
			name = Release;
		};
/* End XCBuildConfiguration section */

/* Begin XCConfigurationList section */
		6356B07522FCB97700271A65 /* Build configuration list for PBXProject "retoMemoria" */ = {
			isa = XCConfigurationList;
			buildConfigurations = (
				6356B0A022FCB97800271A65 /* Debug */,
				6356B0A122FCB97800271A65 /* Release */,
			);
			defaultConfigurationIsVisible = 0;
			defaultConfigurationName = Release;
		};
		6356B0A222FCB97800271A65 /* Build configuration list for PBXNativeTarget "retoMemoria" */ = {
			isa = XCConfigurationList;
			buildConfigurations = (
				6356B0A322FCB97800271A65 /* Debug */,
				6356B0A422FCB97800271A65 /* Release */,
			);
			defaultConfigurationIsVisible = 0;
		};
		6356B0A522FCB97800271A65 /* Build configuration list for PBXNativeTarget "retoMemoriaTests" */ = {
			isa = XCConfigurationList;
			buildConfigurations = (
				6356B0A622FCB97800271A65 /* Debug */,
				6356B0A722FCB97800271A65 /* Release */,
			);
			defaultConfigurationIsVisible = 0;
		};
		6356B0A822FCB97800271A65 /* Build configuration list for PBXNativeTarget "retoMemoriaUITests" */ = {
			isa = XCConfigurationList;
			buildConfigurations = (
				6356B0A922FCB97800271A65 /* Debug */,
				6356B0AA22FCB97800271A65 /* Release */,
			);
			defaultConfigurationIsVisible = 0;
		};
/* End XCConfigurationList section */
	};
	rootObject = 6356B07222FCB97700271A65 /* Project object */;
}
